
Microsoft Visual Studio Solution File, Format Version 12.00
# Visual Studio Version 17
VisualStudioVersion = 17.1.32319.34
MinimumVisualStudioVersion = 10.0.40219.1
Project("{00D1A9C2-B5F0-4AF3-8072-F6C62B433612}") = "ReportsTestDB", "ReportsTestDB\ReportsTestDB.sqlproj", "{1C41AE73-DEB2-4921-961D-C1AED65649AE}"
EndProject
Project("{9A19103F-16F7-4668-BE54-9A1E7A4F7556}") = "ReportsTestLibary", "ReportsTestLibary\ReportsTestLibary.csproj", "{72C4B5FA-B026-4B45-9296-8C6ACC6118C2}"
EndProject
Project("{FAE04EC0-301F-11D3-BF4B-00C04F79EFBC}") = "ReportTestWeb", "ReportTestWeb\ReportTestWeb.csproj", "{192D02E8-6027-4ECE-8203-4D30A4A5FAD2}"
EndProject
Project("{2150E333-8FDC-42A3-9474-1A3956D46DE8}") = "Solution Items", "Solution Items", "{28B37F1A-F5D3-4741-BE3E-78D838149795}"
	ProjectSection(SolutionItems) = preProject
		ToDo.txt = ToDo.txt
	EndProjectSection
EndProject
Global
	GlobalSection(SolutionConfigurationPlatforms) = preSolution
		Debug|Any CPU = Debug|Any CPU
		Release|Any CPU = Release|Any CPU
	EndGlobalSection
	GlobalSection(ProjectConfigurationPlatforms) = postSolution
		{1C41AE73-DEB2-4921-961D-C1AED65649AE}.Debug|Any CPU.ActiveCfg = Debug|Any CPU
		{1C41AE73-DEB2-4921-961D-C1AED65649AE}.Debug|Any CPU.Build.0 = Debug|Any CPU
		{1C41AE73-DEB2-4921-961D-C1AED65649AE}.Debug|Any CPU.Deploy.0 = Debug|Any CPU
		{1C41AE73-DEB2-4921-961D-C1AED65649AE}.Release|Any CPU.ActiveCfg = Release|Any CPU
		{1C41AE73-DEB2-4921-961D-C1AED65649AE}.Release|Any CPU.Build.0 = Release|Any CPU
		{1C41AE73-DEB2-4921-961D-C1AED65649AE}.Release|Any CPU.Deploy.0 = Release|Any CPU
		{72C4B5FA-B026-4B45-9296-8C6ACC6118C2}.Debug|Any CPU.ActiveCfg = Debug|Any CPU
		{72C4B5FA-B026-4B45-9296-8C6ACC6118C2}.Debug|Any CPU.Build.0 = Debug|Any CPU
		{72C4B5FA-B026-4B45-9296-8C6ACC6118C2}.Release|Any CPU.ActiveCfg = Release|Any CPU
		{72C4B5FA-B026-4B45-9296-8C6ACC6118C2}.Release|Any CPU.Build.0 = Release|Any CPU
		{192D02E8-6027-4ECE-8203-4D30A4A5FAD2}.Debug|Any CPU.ActiveCfg = Debug|Any CPU
		{192D02E8-6027-4ECE-8203-4D30A4A5FAD2}.Debug|Any CPU.Build.0 = Debug|Any CPU
		{192D02E8-6027-4ECE-8203-4D30A4A5FAD2}.Release|Any CPU.ActiveCfg = Release|Any CPU
		{192D02E8-6027-4ECE-8203-4D30A4A5FAD2}.Release|Any CPU.Build.0 = Release|Any CPU
	EndGlobalSection
	GlobalSection(SolutionProperties) = preSolution
		HideSolutionNode = FALSE
	EndGlobalSection
	GlobalSection(ExtensibilityGlobals) = postSolution
		SolutionGuid = {D55CBA3A-DC27-4C6B-8E48-CCB65DF29BE7}
	EndGlobalSection
EndGlobal
